
Microsoft Visual Studio Solution File, Format Version 12.00
# Visual Studio Version 17
VisualStudioVersion = 17.7.34221.43
MinimumVisualStudioVersion = 10.0.40219.1
Project("{FAE04EC0-301F-11D3-BF4B-00C04F79EFBC}") = "WebApplication1", "WebApplication1\WebApplication1.csproj", "{39A16736-5BC6-44F4-A094-55586F34A70C}"
EndProject
Global
	GlobalSection(SolutionConfigurationPlatforms) = preSolution
		Debug|Any CPU = Debug|Any CPU
		Release|Any CPU = Release|Any CPU
	EndGlobalSection
	GlobalSection(ProjectConfigurationPlatforms) = postSolution
		{39A16736-5BC6-44F4-A094-55586F34A70C}.Debug|Any CPU.ActiveCfg = Debug|Any CPU
		{39A16736-5BC6-44F4-A094-55586F34A70C}.Debug|Any CPU.Build.0 = Debug|Any CPU
		{39A16736-5BC6-44F4-A094-55586F34A70C}.Release|Any CPU.ActiveCfg = Release|Any CPU
		{39A16736-5BC6-44F4-A094-55586F34A70C}.Release|Any CPU.Build.0 = Release|Any CPU
	EndGlobalSection
	GlobalSection(SolutionProperties) = preSolution
		HideSolutionNode = FALSE
	EndGlobalSection
	GlobalSection(ExtensibilityGlobals) = postSolution
		SolutionGuid = {FDD4BD05-7015-411B-AA37-E6377434FF8A}
	EndGlobalSection
EndGlobal
